// !$*UTF8*$!
{
	archiveVersion = 1;
	classes = {
	};
	objectVersion = 46;
	objects = {

/* Begin PBXBuildFile section */
		8AFAF1E4593A1DC096A10C67 /* Pods_referral_ios.framework in Frameworks */ = {isa = PBXBuildFile; fileRef = 5BF09D808088321E097F241C /* Pods_referral_ios.framework */; };
		CC31354C1E8BC03100972B51 /* Main.storyboard in Resources */ = {isa = PBXBuildFile; fileRef = CC31354A1E8BC03100972B51 /* Main.storyboard */; };
		CC31FE871E8B92E8005086E1 /* TransferController.swift in Sources */ = {isa = PBXBuildFile; fileRef = CC31FE861E8B92E8005086E1 /* TransferController.swift */; };
		CC31FE891E8B9D82005086E1 /* Reachability.swift in Sources */ = {isa = PBXBuildFile; fileRef = CC31FE881E8B9D82005086E1 /* Reachability.swift */; };
		CC31FE8D1E8BAFA4005086E1 /* Podfile in Resources */ = {isa = PBXBuildFile; fileRef = CC31FE8C1E8BAFA4005086E1 /* Podfile */; };
		CC3BC5D71E5DA6CD00730FD0 /* OwnerController.swift in Sources */ = {isa = PBXBuildFile; fileRef = CC3BC5D61E5DA6CD00730FD0 /* OwnerController.swift */; };
		CC3BC5DB1E5DC01E00730FD0 /* PetController.swift in Sources */ = {isa = PBXBuildFile; fileRef = CC3BC5DA1E5DC01E00730FD0 /* PetController.swift */; };
		CC3CC7731E5B2B3B007DAA8F /* VetController.swift in Sources */ = {isa = PBXBuildFile; fileRef = CC3CC7721E5B2B3B007DAA8F /* VetController.swift */; };
		CC3CC7751E5B30A9007DAA8F /* Referral.swift in Sources */ = {isa = PBXBuildFile; fileRef = CC3CC7741E5B30A9007DAA8F /* Referral.swift */; };
		CC5A6F5B1E5D96890020DCB9 /* SSRadioButtonsController.swift in Sources */ = {isa = PBXBuildFile; fileRef = CC5A6F591E5D96890020DCB9 /* SSRadioButtonsController.swift */; };
		CC5A6F5C1E5D96890020DCB9 /* SSRadioButton.swift in Sources */ = {isa = PBXBuildFile; fileRef = CC5A6F5A1E5D96890020DCB9 /* SSRadioButton.swift */; };
		CCA4EE341E60588C0056B492 /* Call.swift in Sources */ = {isa = PBXBuildFile; fileRef = CCA4EE331E60588C0056B492 /* Call.swift */; };
		CCC3EAD21E5B0AF1009EBFC3 /* AppDelegate.swift in Sources */ = {isa = PBXBuildFile; fileRef = CCC3EAD11E5B0AF1009EBFC3 /* AppDelegate.swift */; };
		CCC3EAD41E5B0AF1009EBFC3 /* ViewController.swift in Sources */ = {isa = PBXBuildFile; fileRef = CCC3EAD31E5B0AF1009EBFC3 /* ViewController.swift */; };
		CCC3EAD91E5B0AF1009EBFC3 /* Assets.xcassets in Resources */ = {isa = PBXBuildFile; fileRef = CCC3EAD81E5B0AF1009EBFC3 /* Assets.xcassets */; };
		CCC3EADC1E5B0AF1009EBFC3 /* LaunchScreen.storyboard in Resources */ = {isa = PBXBuildFile; fileRef = CCC3EADA1E5B0AF1009EBFC3 /* LaunchScreen.storyboard */; };
/* End PBXBuildFile section */

/* Begin PBXFileReference section */
		467720031B20CF7C863D229E /* Pods-referral-ios.release.xcconfig */ = {isa = PBXFileReference; includeInIndex = 1; lastKnownFileType = text.xcconfig; name = "Pods-referral-ios.release.xcconfig"; path = "Pods/Target Support Files/Pods-referral-ios/Pods-referral-ios.release.xcconfig"; sourceTree = "<group>"; };
		5BF09D808088321E097F241C /* Pods_referral_ios.framework */ = {isa = PBXFileReference; explicitFileType = wrapper.framework; includeInIndex = 0; path = Pods_referral_ios.framework; sourceTree = BUILT_PRODUCTS_DIR; };
		7A715EF11E8A0858E70F92F6 /* Pods-referral-ios.debug.xcconfig */ = {isa = PBXFileReference; includeInIndex = 1; lastKnownFileType = text.xcconfig; name = "Pods-referral-ios.debug.xcconfig"; path = "Pods/Target Support Files/Pods-referral-ios/Pods-referral-ios.debug.xcconfig"; sourceTree = "<group>"; };
		CC31354B1E8BC03100972B51 /* Base */ = {isa = PBXFileReference; lastKnownFileType = file.storyboard; name = Base; path = "referral-ios/Base.lproj/Main.storyboard"; sourceTree = "<group>"; };
		CC31FE861E8B92E8005086E1 /* TransferController.swift */ = {isa = PBXFileReference; fileEncoding = 4; lastKnownFileType = sourcecode.swift; path = TransferController.swift; sourceTree = "<group>"; };
		CC31FE881E8B9D82005086E1 /* Reachability.swift */ = {isa = PBXFileReference; fileEncoding = 4; lastKnownFileType = sourcecode.swift; path = Reachability.swift; sourceTree = "<group>"; };
		CC31FE8C1E8BAFA4005086E1 /* Podfile */ = {isa = PBXFileReference; fileEncoding = 4; lastKnownFileType = text; path = Podfile; sourceTree = "<group>"; };
		CC3BC5D61E5DA6CD00730FD0 /* OwnerController.swift */ = {isa = PBXFileReference; fileEncoding = 4; lastKnownFileType = sourcecode.swift; path = OwnerController.swift; sourceTree = "<group>"; };
		CC3BC5DA1E5DC01E00730FD0 /* PetController.swift */ = {isa = PBXFileReference; fileEncoding = 4; lastKnownFileType = sourcecode.swift; path = PetController.swift; sourceTree = "<group>"; };
		CC3CC7721E5B2B3B007DAA8F /* VetController.swift */ = {isa = PBXFileReference; fileEncoding = 4; lastKnownFileType = sourcecode.swift; path = VetController.swift; sourceTree = "<group>"; };
		CC3CC7741E5B30A9007DAA8F /* Referral.swift */ = {isa = PBXFileReference; fileEncoding = 4; lastKnownFileType = sourcecode.swift; path = Referral.swift; sourceTree = "<group>"; };
		CC5A6F591E5D96890020DCB9 /* SSRadioButtonsController.swift */ = {isa = PBXFileReference; fileEncoding = 4; lastKnownFileType = sourcecode.swift; name = SSRadioButtonsController.swift; path = ../SSRadioButtonsController.swift; sourceTree = "<group>"; };
		CC5A6F5A1E5D96890020DCB9 /* SSRadioButton.swift */ = {isa = PBXFileReference; fileEncoding = 4; lastKnownFileType = sourcecode.swift; name = SSRadioButton.swift; path = ../SSRadioButton.swift; sourceTree = "<group>"; };
		CCA4EE331E60588C0056B492 /* Call.swift */ = {isa = PBXFileReference; fileEncoding = 4; lastKnownFileType = sourcecode.swift; path = Call.swift; sourceTree = "<group>"; };
		CCC3EACE1E5B0AF1009EBFC3 /* referral-ios.app */ = {isa = PBXFileReference; explicitFileType = wrapper.application; includeInIndex = 0; path = "referral-ios.app"; sourceTree = BUILT_PRODUCTS_DIR; };
		CCC3EAD11E5B0AF1009EBFC3 /* AppDelegate.swift */ = {isa = PBXFileReference; lastKnownFileType = sourcecode.swift; path = AppDelegate.swift; sourceTree = "<group>"; };
		CCC3EAD31E5B0AF1009EBFC3 /* ViewController.swift */ = {isa = PBXFileReference; lastKnownFileType = sourcecode.swift; path = ViewController.swift; sourceTree = "<group>"; };
		CCC3EAD81E5B0AF1009EBFC3 /* Assets.xcassets */ = {isa = PBXFileReference; lastKnownFileType = folder.assetcatalog; path = Assets.xcassets; sourceTree = "<group>"; };
		CCC3EADB1E5B0AF1009EBFC3 /* Base */ = {isa = PBXFileReference; lastKnownFileType = file.storyboard; name = Base; path = Base.lproj/LaunchScreen.storyboard; sourceTree = "<group>"; };
		CCC3EADD1E5B0AF1009EBFC3 /* Info.plist */ = {isa = PBXFileReference; lastKnownFileType = text.plist.xml; path = Info.plist; sourceTree = "<group>"; };
/* End PBXFileReference section */

/* Begin PBXFrameworksBuildPhase section */
		CCC3EACB1E5B0AF1009EBFC3 /* Frameworks */ = {
			isa = PBXFrameworksBuildPhase;
			buildActionMask = 2147483647;
			files = (
				8AFAF1E4593A1DC096A10C67 /* Pods_referral_ios.framework in Frameworks */,
			);
			runOnlyForDeploymentPostprocessing = 0;
		};
/* End PBXFrameworksBuildPhase section */

/* Begin PBXGroup section */
		82392B348785DCA1677EAA20 /* Frameworks */ = {
			isa = PBXGroup;
			children = (
				5BF09D808088321E097F241C /* Pods_referral_ios.framework */,
			);
			name = Frameworks;
			sourceTree = "<group>";
		};
		CC5A6F541E5D92AB0020DCB9 /* Resources */ = {
			isa = PBXGroup;
			children = (
				CCC3EAD81E5B0AF1009EBFC3 /* Assets.xcassets */,
				CCC3EADD1E5B0AF1009EBFC3 /* Info.plist */,
			);
			name = Resources;
			sourceTree = "<group>";
		};
		CC5A6F5D1E5D96990020DCB9 /* SSRRadioButton */ = {
			isa = PBXGroup;
			children = (
				CC5A6F591E5D96890020DCB9 /* SSRadioButtonsController.swift */,
				CC5A6F5A1E5D96890020DCB9 /* SSRadioButton.swift */,
			);
			name = SSRRadioButton;
			sourceTree = "<group>";
		};
		CCC3EAC51E5B0AF1009EBFC3 = {
			isa = PBXGroup;
			children = (
				CC31FE8C1E8BAFA4005086E1 /* Podfile */,
				CCC3EAD01E5B0AF1009EBFC3 /* referral-ios */,
				CCC3EACF1E5B0AF1009EBFC3 /* Products */,
				D4FACBA148AD6200EFE60E87 /* Pods */,
				82392B348785DCA1677EAA20 /* Frameworks */,
			);
			sourceTree = "<group>";
		};
		CCC3EACF1E5B0AF1009EBFC3 /* Products */ = {
			isa = PBXGroup;
			children = (
				CCC3EACE1E5B0AF1009EBFC3 /* referral-ios.app */,
			);
			name = Products;
			sourceTree = "<group>";
		};
		CCC3EAD01E5B0AF1009EBFC3 /* referral-ios */ = {
			isa = PBXGroup;
			children = (
				CC31FE881E8B9D82005086E1 /* Reachability.swift */,
				CC5A6F5D1E5D96990020DCB9 /* SSRRadioButton */,
				CC5A6F541E5D92AB0020DCB9 /* Resources */,
				CCC3EADA1E5B0AF1009EBFC3 /* LaunchScreen.storyboard */,
				CC31354A1E8BC03100972B51 /* Main.storyboard */,
				CCC3EAD11E5B0AF1009EBFC3 /* AppDelegate.swift */,
				CC3CC7741E5B30A9007DAA8F /* Referral.swift */,
				CCC3EAD31E5B0AF1009EBFC3 /* ViewController.swift */,
				CC3CC7721E5B2B3B007DAA8F /* VetController.swift */,
				CC3BC5D61E5DA6CD00730FD0 /* OwnerController.swift */,
				CC3BC5DA1E5DC01E00730FD0 /* PetController.swift */,
				CCA4EE331E60588C0056B492 /* Call.swift */,
				CC31FE861E8B92E8005086E1 /* TransferController.swift */,
			);
			path = "referral-ios";
			sourceTree = "<group>";
		};
		D4FACBA148AD6200EFE60E87 /* Pods */ = {
			isa = PBXGroup;
			children = (
				7A715EF11E8A0858E70F92F6 /* Pods-referral-ios.debug.xcconfig */,
				467720031B20CF7C863D229E /* Pods-referral-ios.release.xcconfig */,
			);
			name = Pods;
			sourceTree = "<group>";
		};
/* End PBXGroup section */

/* Begin PBXNativeTarget section */
		CCC3EACD1E5B0AF1009EBFC3 /* referral-ios */ = {
			isa = PBXNativeTarget;
			buildConfigurationList = CCC3EAE01E5B0AF1009EBFC3 /* Build configuration list for PBXNativeTarget "referral-ios" */;
			buildPhases = (
				920883BD92D70C85228BAE6F /* [CP] Check Pods Manifest.lock */,
				CCC3EACA1E5B0AF1009EBFC3 /* Sources */,
				CCC3EACB1E5B0AF1009EBFC3 /* Frameworks */,
				CCC3EACC1E5B0AF1009EBFC3 /* Resources */,
				7A335A5112AAC10CB684F0DD /* [CP] Embed Pods Frameworks */,
				267B89521BFEFDFC94E1B674 /* [CP] Copy Pods Resources */,
			);
			buildRules = (
			);
			dependencies = (
			);
			name = "referral-ios";
			productName = "referral-ios";
			productReference = CCC3EACE1E5B0AF1009EBFC3 /* referral-ios.app */;
			productType = "com.apple.product-type.application";
		};
/* End PBXNativeTarget section */

/* Begin PBXProject section */
		CCC3EAC61E5B0AF1009EBFC3 /* Project object */ = {
			isa = PBXProject;
			attributes = {
				LastSwiftUpdateCheck = 0820;
				LastUpgradeCheck = 0820;
				ORGANIZATIONNAME = "Bart Termorshuizen";
				TargetAttributes = {
					CCC3EACD1E5B0AF1009EBFC3 = {
						CreatedOnToolsVersion = 8.2.1;
						DevelopmentTeam = 47Q29Z52ZW;
						ProvisioningStyle = Manual;
					};
				};
			};
			buildConfigurationList = CCC3EAC91E5B0AF1009EBFC3 /* Build configuration list for PBXProject "referral-ios" */;
			compatibilityVersion = "Xcode 3.2";
			developmentRegion = English;
			hasScannedForEncodings = 0;
			knownRegions = (
				en,
				Base,
			);
			mainGroup = CCC3EAC51E5B0AF1009EBFC3;
			productRefGroup = CCC3EACF1E5B0AF1009EBFC3 /* Products */;
			projectDirPath = "";
			projectRoot = "";
			targets = (
				CCC3EACD1E5B0AF1009EBFC3 /* referral-ios */,
			);
		};
/* End PBXProject section */

/* Begin PBXResourcesBuildPhase section */
		CCC3EACC1E5B0AF1009EBFC3 /* Resources */ = {
			isa = PBXResourcesBuildPhase;
			buildActionMask = 2147483647;
			files = (
				CCC3EADC1E5B0AF1009EBFC3 /* LaunchScreen.storyboard in Resources */,
				CCC3EAD91E5B0AF1009EBFC3 /* Assets.xcassets in Resources */,
				CC31FE8D1E8BAFA4005086E1 /* Podfile in Resources */,
				CC31354C1E8BC03100972B51 /* Main.storyboard in Resources */,
			);
			runOnlyForDeploymentPostprocessing = 0;
		};
/* End PBXResourcesBuildPhase section */

/* Begin PBXShellScriptBuildPhase section */
		267B89521BFEFDFC94E1B674 /* [CP] Copy Pods Resources */ = {
			isa = PBXShellScriptBuildPhase;
			buildActionMask = 2147483647;
			files = (
			);
			inputPaths = (
			);
			name = "[CP] Copy Pods Resources";
			outputPaths = (
			);
			runOnlyForDeploymentPostprocessing = 0;
			shellPath = /bin/sh;
			shellScript = "\"${SRCROOT}/Pods/Target Support Files/Pods-referral-ios/Pods-referral-ios-resources.sh\"\n";
			showEnvVarsInLog = 0;
		};
		7A335A5112AAC10CB684F0DD /* [CP] Embed Pods Frameworks */ = {
			isa = PBXShellScriptBuildPhase;
			buildActionMask = 2147483647;
			files = (
			);
			inputPaths = (
			);
			name = "[CP] Embed Pods Frameworks";
			outputPaths = (
			);
			runOnlyForDeploymentPostprocessing = 0;
			shellPath = /bin/sh;
			shellScript = "\"${SRCROOT}/Pods/Target Support Files/Pods-referral-ios/Pods-referral-ios-frameworks.sh\"\n";
			showEnvVarsInLog = 0;
		};
		920883BD92D70C85228BAE6F /* [CP] Check Pods Manifest.lock */ = {
			isa = PBXShellScriptBuildPhase;
			buildActionMask = 2147483647;
			files = (
			);
			inputPaths = (
			);
			name = "[CP] Check Pods Manifest.lock";
			outputPaths = (
			);
			runOnlyForDeploymentPostprocessing = 0;
			shellPath = /bin/sh;
			shellScript = "diff \"${PODS_ROOT}/../Podfile.lock\" \"${PODS_ROOT}/Manifest.lock\" > /dev/null\nif [ $? != 0 ] ; then\n    # print error to STDERR\n    echo \"error: The sandbox is not in sync with the Podfile.lock. Run 'pod install' or update your CocoaPods installation.\" >&2\n    exit 1\nfi\n";
			showEnvVarsInLog = 0;
		};
/* End PBXShellScriptBuildPhase section */

/* Begin PBXSourcesBuildPhase section */
		CCC3EACA1E5B0AF1009EBFC3 /* Sources */ = {
			isa = PBXSourcesBuildPhase;
			buildActionMask = 2147483647;
			files = (
				CC3CC7751E5B30A9007DAA8F /* Referral.swift in Sources */,
				CCA4EE341E60588C0056B492 /* Call.swift in Sources */,
				CC5A6F5B1E5D96890020DCB9 /* SSRadioButtonsController.swift in Sources */,
				CCC3EAD41E5B0AF1009EBFC3 /* ViewController.swift in Sources */,
				CC3BC5DB1E5DC01E00730FD0 /* PetController.swift in Sources */,
				CCC3EAD21E5B0AF1009EBFC3 /* AppDelegate.swift in Sources */,
				CC3CC7731E5B2B3B007DAA8F /* VetController.swift in Sources */,
				CC31FE891E8B9D82005086E1 /* Reachability.swift in Sources */,
				CC3BC5D71E5DA6CD00730FD0 /* OwnerController.swift in Sources */,
				CC31FE871E8B92E8005086E1 /* TransferController.swift in Sources */,
				CC5A6F5C1E5D96890020DCB9 /* SSRadioButton.swift in Sources */,
			);
			runOnlyForDeploymentPostprocessing = 0;
		};
/* End PBXSourcesBuildPhase section */

/* Begin PBXVariantGroup section */
		CC31354A1E8BC03100972B51 /* Main.storyboard */ = {
			isa = PBXVariantGroup;
			children = (
				CC31354B1E8BC03100972B51 /* Base */,
			);
			name = Main.storyboard;
			path = ..;
			sourceTree = "<group>";
		};
		CCC3EADA1E5B0AF1009EBFC3 /* LaunchScreen.storyboard */ = {
			isa = PBXVariantGroup;
			children = (
				CCC3EADB1E5B0AF1009EBFC3 /* Base */,
			);
			name = LaunchScreen.storyboard;
			sourceTree = "<group>";
		};
/* End PBXVariantGroup section */

/* Begin XCBuildConfiguration section */
		CCC3EADE1E5B0AF1009EBFC3 /* Debug */ = {
			isa = XCBuildConfiguration;
			buildSettings = {
				ALWAYS_SEARCH_USER_PATHS = NO;
				CLANG_ANALYZER_LOCALIZABILITY_NONLOCALIZED = YES;
				CLANG_ANALYZER_NONNULL = YES;
				CLANG_CXX_LANGUAGE_STANDARD = "gnu++0x";
				CLANG_CXX_LIBRARY = "libc++";
				CLANG_ENABLE_MODULES = YES;
				CLANG_ENABLE_OBJC_ARC = YES;
				CLANG_WARN_BOOL_CONVERSION = YES;
				CLANG_WARN_CONSTANT_CONVERSION = YES;
				CLANG_WARN_DIRECT_OBJC_ISA_USAGE = YES_ERROR;
				CLANG_WARN_DOCUMENTATION_COMMENTS = YES;
				CLANG_WARN_EMPTY_BODY = YES;
				CLANG_WARN_ENUM_CONVERSION = YES;
				CLANG_WARN_INFINITE_RECURSION = YES;
				CLANG_WARN_INT_CONVERSION = YES;
				CLANG_WARN_OBJC_ROOT_CLASS = YES_ERROR;
				CLANG_WARN_SUSPICIOUS_MOVE = YES;
				CLANG_WARN_UNREACHABLE_CODE = YES;
				CLANG_WARN__DUPLICATE_METHOD_MATCH = YES;
				"CODE_SIGN_IDENTITY[sdk=iphoneos*]" = "iPhone Developer";
				COPY_PHASE_STRIP = NO;
				DEBUG_INFORMATION_FORMAT = dwarf;
				ENABLE_STRICT_OBJC_MSGSEND = YES;
				ENABLE_TESTABILITY = YES;
				GCC_C_LANGUAGE_STANDARD = gnu99;
				GCC_DYNAMIC_NO_PIC = NO;
				GCC_NO_COMMON_BLOCKS = YES;
				GCC_OPTIMIZATION_LEVEL = 0;
				GCC_PREPROCESSOR_DEFINITIONS = (
					"DEBUG=1",
					"$(inherited)",
				);
				GCC_WARN_64_TO_32_BIT_CONVERSION = YES;
				GCC_WARN_ABOUT_RETURN_TYPE = YES_ERROR;
				GCC_WARN_UNDECLARED_SELECTOR = YES;
				GCC_WARN_UNINITIALIZED_AUTOS = YES_AGGRESSIVE;
				GCC_WARN_UNUSED_FUNCTION = YES;
				GCC_WARN_UNUSED_VARIABLE = YES;
				IPHONEOS_DEPLOYMENT_TARGET = 10.2;
				MTL_ENABLE_DEBUG_INFO = YES;
				ONLY_ACTIVE_ARCH = YES;
				SDKROOT = iphoneos;
				SWIFT_ACTIVE_COMPILATION_CONDITIONS = DEBUG;
				SWIFT_OPTIMIZATION_LEVEL = "-Onone";
			};
			name = Debug;
		};
		CCC3EADF1E5B0AF1009EBFC3 /* Release */ = {
			isa = XCBuildConfiguration;
			buildSettings = {
				ALWAYS_SEARCH_USER_PATHS = NO;
				CLANG_ANALYZER_LOCALIZABILITY_NONLOCALIZED = YES;
				CLANG_ANALYZER_NONNULL = YES;
				CLANG_CXX_LANGUAGE_STANDARD = "gnu++0x";
				CLANG_CXX_LIBRARY = "libc++";
				CLANG_ENABLE_MODULES = YES;
				CLANG_ENABLE_OBJC_ARC = YES;
				CLANG_WARN_BOOL_CONVERSION = YES;
				CLANG_WARN_CONSTANT_CONVERSION = YES;
				CLANG_WARN_DIRECT_OBJC_ISA_USAGE = YES_ERROR;
				CLANG_WARN_DOCUMENTATION_COMMENTS = YES;
				CLANG_WARN_EMPTY_BODY = YES;
				CLANG_WARN_ENUM_CONVERSION = YES;
				CLANG_WARN_INFINITE_RECURSION = YES;
				CLANG_WARN_INT_CONVERSION = YES;
				CLANG_WARN_OBJC_ROOT_CLASS = YES_ERROR;
				CLANG_WARN_SUSPICIOUS_MOVE = YES;
				CLANG_WARN_UNREACHABLE_CODE = YES;
				CLANG_WARN__DUPLICATE_METHOD_MATCH = YES;
				"CODE_SIGN_IDENTITY[sdk=iphoneos*]" = "iPhone Developer";
				COPY_PHASE_STRIP = NO;
				DEBUG_INFORMATION_FORMAT = "dwarf-with-dsym";
				ENABLE_NS_ASSERTIONS = NO;
				ENABLE_STRICT_OBJC_MSGSEND = YES;
				GCC_C_LANGUAGE_STANDARD = gnu99;
				GCC_NO_COMMON_BLOCKS = YES;
				GCC_WARN_64_TO_32_BIT_CONVERSION = YES;
				GCC_WARN_ABOUT_RETURN_TYPE = YES_ERROR;
				GCC_WARN_UNDECLARED_SELECTOR = YES;
				GCC_WARN_UNINITIALIZED_AUTOS = YES_AGGRESSIVE;
				GCC_WARN_UNUSED_FUNCTION = YES;
				GCC_WARN_UNUSED_VARIABLE = YES;
				IPHONEOS_DEPLOYMENT_TARGET = 10.2;
				MTL_ENABLE_DEBUG_INFO = NO;
				SDKROOT = iphoneos;
				SWIFT_OPTIMIZATION_LEVEL = "-Owholemodule";
				VALIDATE_PRODUCT = YES;
			};
			name = Release;
		};
		CCC3EAE11E5B0AF1009EBFC3 /* Debug */ = {
			isa = XCBuildConfiguration;
			baseConfigurationReference = 7A715EF11E8A0858E70F92F6 /* Pods-referral-ios.debug.xcconfig */;
			buildSettings = {
				ASSETCATALOG_COMPILER_APPICON_NAME = AppIcon;
				"CODE_SIGN_IDENTITY[sdk=iphoneos*]" = "iPhone Developer";
				DEVELOPMENT_TEAM = 47Q29Z52ZW;
				INFOPLIST_FILE = "referral-ios/Info.plist";
				LD_RUNPATH_SEARCH_PATHS = "$(inherited) @executable_path/Frameworks";
				PRODUCT_BUNDLE_IDENTIFIER = "co.moreawesome.hugo.referral-ios";
				PRODUCT_NAME = "$(TARGET_NAME)";
				PROVISIONING_PROFILE = "1e0bed3f-d319-47c5-a991-517f6a27160c";
				PROVISIONING_PROFILE_SPECIFIER = "Development on Tessa's iPad";
				SWIFT_VERSION = 3.0;
				TARGETED_DEVICE_FAMILY = 1;
			};
			name = Debug;
		};
		CCC3EAE21E5B0AF1009EBFC3 /* Release */ = {
			isa = XCBuildConfiguration;
			baseConfigurationReference = 467720031B20CF7C863D229E /* Pods-referral-ios.release.xcconfig */;
			buildSettings = {
				ASSETCATALOG_COMPILER_APPICON_NAME = AppIcon;
				"CODE_SIGN_IDENTITY[sdk=iphoneos*]" = "iPhone Distribution";
				DEVELOPMENT_TEAM = 47Q29Z52ZW;
				INFOPLIST_FILE = "referral-ios/Info.plist";
				LD_RUNPATH_SEARCH_PATHS = "$(inherited) @executable_path/Frameworks";
				PRODUCT_BUNDLE_IDENTIFIER = "co.moreawesome.hugo.referral-ios";
				PRODUCT_NAME = "$(TARGET_NAME)";
				PROVISIONING_PROFILE = "3dfa78ca-fbad-4bc2-a356-8aa889ba5e13";
				PROVISIONING_PROFILE_SPECIFIER = "Hugo-Distribution";
				SWIFT_VERSION = 3.0;
				TARGETED_DEVICE_FAMILY = 1;
			};
			name = Release;
		};
/* End XCBuildConfiguration section */

/* Begin XCConfigurationList section */
		CCC3EAC91E5B0AF1009EBFC3 /* Build configuration list for PBXProject "referral-ios" */ = {
			isa = XCConfigurationList;
			buildConfigurations = (
				CCC3EADE1E5B0AF1009EBFC3 /* Debug */,
				CCC3EADF1E5B0AF1009EBFC3 /* Release */,
			);
			defaultConfigurationIsVisible = 0;
			defaultConfigurationName = Release;
		};
		CCC3EAE01E5B0AF1009EBFC3 /* Build configuration list for PBXNativeTarget "referral-ios" */ = {
			isa = XCConfigurationList;
			buildConfigurations = (
				CCC3EAE11E5B0AF1009EBFC3 /* Debug */,
				CCC3EAE21E5B0AF1009EBFC3 /* Release */,
			);
			defaultConfigurationIsVisible = 0;
			defaultConfigurationName = Release;
		};
/* End XCConfigurationList section */
	};
	rootObject = CCC3EAC61E5B0AF1009EBFC3 /* Project object */;
}
